{
  "requires": true,
  "lockfileVersion": 1,
  "dependencies": {
    "tcuipan-palindrome": {
      "version": "0.1.2",
      "resolved": "https://registry.npmjs.org/tcuipan-palindrome/-/tcuipan-palindrome-0.1.2.tgz",
      "integrity": "sha512-JGG/1vaurEDchFdrmhXT2Hukuy3LRq9sKNg2pijjNw5ZmKyJ3Bu1e/E4csc+QEFo9BGBkv0O8PW4otmFH/z/+g=="
    }
  }
}
